github.com/jobrunner/fieldworksdiary-designsystem v0.1.0 h1:303zvJEJPeDVmf42h8nKt+yZasBHmexVP4PvXA1AoVM=
github.com/jobrunner/fieldworksdiary-designsystem v0.1.0/go.mod h1:XuWOMnzAbkzZbBt1QTnfp46v3BW5cip4SAA2zYfRuJ0=
github.com/jobrunner/fieldworksdiary-designsystem v0.2.0 h1:ycWbGfq8omn8N86iM2u13jH8Gq3Gf7GXTuJqZ/4XibM=
github.com/jobrunner/fieldworksdiary-designsystem v0.2.0/go.mod h1:XuWOMnzAbkzZbBt1QTnfp46v3BW5cip4SAA2zYfRuJ0=
github.com/jobrunner/fieldworksdiary-designsystem v0.2.1 h1:L4PlIdcvKCcAN/zzpl7MIYyOX4YB0+4tZqSZVc0PYKA=
github.com/jobrunner/fieldworksdiary-designsystem v0.2.1/go.mod h1:XuWOMnzAbkzZbBt1QTnfp46v3BW5cip4SAA2zYfRuJ0=
